
Microsoft Visual Studio Solution File, Format Version 12.00
# Visual Studio Version 17
VisualStudioVersion = 17.14.36310.24 d17.14
MinimumVisualStudioVersion = 10.0.40219.1
Project("{FAE04EC0-301F-11D3-BF4B-00C04F79EFBC}") = "MiniScreenSharp", "MiniScreenSharp.csproj", "{EAFD55FD-6A17-46A3-9F22-6236050B5236}"
EndProject
Global
	GlobalSection(SolutionConfigurationPlatforms) = preSolution
		Debug|Any CPU = Debug|Any CPU
		Release|Any CPU = Release|Any CPU
	EndGlobalSection
	GlobalSection(ProjectConfigurationPlatforms) = postSolution
		{EAFD55FD-6A17-46A3-9F22-6236050B5236}.Debug|Any CPU.ActiveCfg = Debug|Any CPU
		{EAFD55FD-6A17-46A3-9F22-6236050B5236}.Debug|Any CPU.Build.0 = Debug|Any CPU
		{EAFD55FD-6A17-46A3-9F22-6236050B5236}.Release|Any CPU.ActiveCfg = Release|Any CPU
		{EAFD55FD-6A17-46A3-9F22-6236050B5236}.Release|Any CPU.Build.0 = Release|Any CPU
	EndGlobalSection
	GlobalSection(SolutionProperties) = preSolution
		HideSolutionNode = FALSE
	EndGlobalSection
	GlobalSection(ExtensibilityGlobals) = postSolution
		SolutionGuid = {60EF050C-69B8-40D5-826F-240EB9FCDCD4}
	EndGlobalSection
EndGlobal
